// !$*UTF8*$!
{
	archiveVersion = 1;
	classes = {
	};
	objectVersion = 50;
	objects = {

/* Begin PBXBuildFile section */
		BEE8C3DB2C00ECFA00863491 /* AppDelegate.swift in Sources */ = {isa = PBXBuildFile; fileRef = BEE8C3DA2C00ECFA00863491 /* AppDelegate.swift */; };
		BEE8C3DD2C00ECFA00863491 /* SceneDelegate.swift in Sources */ = {isa = PBXBuildFile; fileRef = BEE8C3DC2C00ECFA00863491 /* SceneDelegate.swift */; };
		BEE8C3DF2C00ECFA00863491 /* ViewController.swift in Sources */ = {isa = PBXBuildFile; fileRef = BEE8C3DE2C00ECFA00863491 /* ViewController.swift */; };
		BEE8C3E22C00ECFA00863491 /* Main.storyboard in Resources */ = {isa = PBXBuildFile; fileRef = BEE8C3E02C00ECFA00863491 /* Main.storyboard */; };
		BEE8C3E42C00ECFC00863491 /* Assets.xcassets in Resources */ = {isa = PBXBuildFile; fileRef = BEE8C3E32C00ECFC00863491 /* Assets.xcassets */; };
		BEE8C3E72C00ECFC00863491 /* LaunchScreen.storyboard in Resources */ = {isa = PBXBuildFile; fileRef = BEE8C3E52C00ECFC00863491 /* LaunchScreen.storyboard */; };
		BEE8C3F22C00ECFC00863491 /* Project_04Tests.swift in Sources */ = {isa = PBXBuildFile; fileRef = BEE8C3F12C00ECFC00863491 /* Project_04Tests.swift */; };
		BEE8C3FD2C00ECFC00863491 /* Project_04UITests.swift in Sources */ = {isa = PBXBuildFile; fileRef = BEE8C3FC2C00ECFC00863491 /* Project_04UITests.swift */; };
/* End PBXBuildFile section */

/* Begin PBXContainerItemProxy section */
		BEE8C3EE2C00ECFC00863491 /* PBXContainerItemProxy */ = {
			isa = PBXContainerItemProxy;
			containerPortal = BEE8C3CF2C00ECFA00863491 /* Project object */;
			proxyType = 1;
			remoteGlobalIDString = BEE8C3D62C00ECFA00863491;
			remoteInfo = "Project 04";
		};
		BEE8C3F92C00ECFC00863491 /* PBXContainerItemProxy */ = {
			isa = PBXContainerItemProxy;
			containerPortal = BEE8C3CF2C00ECFA00863491 /* Project object */;
			proxyType = 1;
			remoteGlobalIDString = BEE8C3D62C00ECFA00863491;
			remoteInfo = "Project 04";
		};
/* End PBXContainerItemProxy section */

/* Begin PBXFileReference section */
		BEE8C3D72C00ECFA00863491 /* Project 04.app */ = {isa = PBXFileReference; explicitFileType = wrapper.application; includeInIndex = 0; path = "Project 04.app"; sourceTree = BUILT_PRODUCTS_DIR; };
		BEE8C3DA2C00ECFA00863491 /* AppDelegate.swift */ = {isa = PBXFileReference; lastKnownFileType = sourcecode.swift; path = AppDelegate.swift; sourceTree = "<group>"; };
		BEE8C3DC2C00ECFA00863491 /* SceneDelegate.swift */ = {isa = PBXFileReference; lastKnownFileType = sourcecode.swift; path = SceneDelegate.swift; sourceTree = "<group>"; };
		BEE8C3DE2C00ECFA00863491 /* ViewController.swift */ = {isa = PBXFileReference; lastKnownFileType = sourcecode.swift; path = ViewController.swift; sourceTree = "<group>"; };
		BEE8C3E12C00ECFA00863491 /* Base */ = {isa = PBXFileReference; lastKnownFileType = file.storyboard; name = Base; path = Base.lproj/Main.storyboard; sourceTree = "<group>"; };
		BEE8C3E32C00ECFC00863491 /* Assets.xcassets */ = {isa = PBXFileReference; lastKnownFileType = folder.assetcatalog; path = Assets.xcassets; sourceTree = "<group>"; };
		BEE8C3E62C00ECFC00863491 /* Base */ = {isa = PBXFileReference; lastKnownFileType = file.storyboard; name = Base; path = Base.lproj/LaunchScreen.storyboard; sourceTree = "<group>"; };
		BEE8C3E82C00ECFC00863491 /* Info.plist */ = {isa = PBXFileReference; lastKnownFileType = text.plist.xml; path = Info.plist; sourceTree = "<group>"; };
		BEE8C3ED2C00ECFC00863491 /* Project 04Tests.xctest */ = {isa = PBXFileReference; explicitFileType = wrapper.cfbundle; includeInIndex = 0; path = "Project 04Tests.xctest"; sourceTree = BUILT_PRODUCTS_DIR; };
		BEE8C3F12C00ECFC00863491 /* Project_04Tests.swift */ = {isa = PBXFileReference; lastKnownFileType = sourcecode.swift; path = Project_04Tests.swift; sourceTree = "<group>"; };
		BEE8C3F32C00ECFC00863491 /* Info.plist */ = {isa = PBXFileReference; lastKnownFileType = text.plist.xml; path = Info.plist; sourceTree = "<group>"; };
		BEE8C3F82C00ECFC00863491 /* Project 04UITests.xctest */ = {isa = PBXFileReference; explicitFileType = wrapper.cfbundle; includeInIndex = 0; path = "Project 04UITests.xctest"; sourceTree = BUILT_PRODUCTS_DIR; };
		BEE8C3FC2C00ECFC00863491 /* Project_04UITests.swift */ = {isa = PBXFileReference; lastKnownFileType = sourcecode.swift; path = Project_04UITests.swift; sourceTree = "<group>"; };
		BEE8C3FE2C00ECFC00863491 /* Info.plist */ = {isa = PBXFileReference; lastKnownFileType = text.plist.xml; path = Info.plist; sourceTree = "<group>"; };
/* End PBXFileReference section */

/* Begin PBXFrameworksBuildPhase section */
		BEE8C3D42C00ECFA00863491 /* Frameworks */ = {
			isa = PBXFrameworksBuildPhase;
			buildActionMask = 2147483647;
			files = (
			);
			runOnlyForDeploymentPostprocessing = 0;
		};
		BEE8C3EA2C00ECFC00863491 /* Frameworks */ = {
			isa = PBXFrameworksBuildPhase;
			buildActionMask = 2147483647;
			files = (
			);
			runOnlyForDeploymentPostprocessing = 0;
		};
		BEE8C3F52C00ECFC00863491 /* Frameworks */ = {
			isa = PBXFrameworksBuildPhase;
			buildActionMask = 2147483647;
			files = (
			);
			runOnlyForDeploymentPostprocessing = 0;
		};
/* End PBXFrameworksBuildPhase section */

/* Begin PBXGroup section */
		BEE8C3CE2C00ECFA00863491 = {
			isa = PBXGroup;
			children = (
				BEE8C3D92C00ECFA00863491 /* Project 04 */,
				BEE8C3F02C00ECFC00863491 /* Project 04Tests */,
				BEE8C3FB2C00ECFC00863491 /* Project 04UITests */,
				BEE8C3D82C00ECFA00863491 /* Products */,
			);
			sourceTree = "<group>";
		};
		BEE8C3D82C00ECFA00863491 /* Products */ = {
			isa = PBXGroup;
			children = (
				BEE8C3D72C00ECFA00863491 /* Project 04.app */,
				BEE8C3ED2C00ECFC00863491 /* Project 04Tests.xctest */,
				BEE8C3F82C00ECFC00863491 /* Project 04UITests.xctest */,
			);
			name = Products;
			sourceTree = "<group>";
		};
		BEE8C3D92C00ECFA00863491 /* Project 04 */ = {
			isa = PBXGroup;
			children = (
				BEE8C3DA2C00ECFA00863491 /* AppDelegate.swift */,
				BEE8C3DC2C00ECFA00863491 /* SceneDelegate.swift */,
				BEE8C3DE2C00ECFA00863491 /* ViewController.swift */,
				BEE8C3E02C00ECFA00863491 /* Main.storyboard */,
				BEE8C3E32C00ECFC00863491 /* Assets.xcassets */,
				BEE8C3E52C00ECFC00863491 /* LaunchScreen.storyboard */,
				BEE8C3E82C00ECFC00863491 /* Info.plist */,
			);
			path = "Project 04";
			sourceTree = "<group>";
		};
		BEE8C3F02C00ECFC00863491 /* Project 04Tests */ = {
			isa = PBXGroup;
			children = (
				BEE8C3F12C00ECFC00863491 /* Project_04Tests.swift */,
				BEE8C3F32C00ECFC00863491 /* Info.plist */,
			);
			path = "Project 04Tests";
			sourceTree = "<group>";
		};
		BEE8C3FB2C00ECFC00863491 /* Project 04UITests */ = {
			isa = PBXGroup;
			children = (
				BEE8C3FC2C00ECFC00863491 /* Project_04UITests.swift */,
				BEE8C3FE2C00ECFC00863491 /* Info.plist */,
			);
			path = "Project 04UITests";
			sourceTree = "<group>";
		};
/* End PBXGroup section */

/* Begin PBXNativeTarget section */
		BEE8C3D62C00ECFA00863491 /* Project 04 */ = {
			isa = PBXNativeTarget;
			buildConfigurationList = BEE8C4012C00ECFC00863491 /* Build configuration list for PBXNativeTarget "Project 04" */;
			buildPhases = (
				BEE8C3D32C00ECFA00863491 /* Sources */,
				BEE8C3D42C00ECFA00863491 /* Frameworks */,
				BEE8C3D52C00ECFA00863491 /* Resources */,
			);
			buildRules = (
			);
			dependencies = (
			);
			name = "Project 04";
			productName = "Project 04";
			productReference = BEE8C3D72C00ECFA00863491 /* Project 04.app */;
			productType = "com.apple.product-type.application";
		};
		BEE8C3EC2C00ECFC00863491 /* Project 04Tests */ = {
			isa = PBXNativeTarget;
			buildConfigurationList = BEE8C4042C00ECFC00863491 /* Build configuration list for PBXNativeTarget "Project 04Tests" */;
			buildPhases = (
				BEE8C3E92C00ECFC00863491 /* Sources */,
				BEE8C3EA2C00ECFC00863491 /* Frameworks */,
				BEE8C3EB2C00ECFC00863491 /* Resources */,
			);
			buildRules = (
			);
			dependencies = (
				BEE8C3EF2C00ECFC00863491 /* PBXTargetDependency */,
			);
			name = "Project 04Tests";
			productName = "Project 04Tests";
			productReference = BEE8C3ED2C00ECFC00863491 /* Project 04Tests.xctest */;
			productType = "com.apple.product-type.bundle.unit-test";
		};
		BEE8C3F72C00ECFC00863491 /* Project 04UITests */ = {
			isa = PBXNativeTarget;
			buildConfigurationList = BEE8C4072C00ECFC00863491 /* Build configuration list for PBXNativeTarget "Project 04UITests" */;
			buildPhases = (
				BEE8C3F42C00ECFC00863491 /* Sources */,
				BEE8C3F52C00ECFC00863491 /* Frameworks */,
				BEE8C3F62C00ECFC00863491 /* Resources */,
			);
			buildRules = (
			);
			dependencies = (
				BEE8C3FA2C00ECFC00863491 /* PBXTargetDependency */,
			);
			name = "Project 04UITests";
			productName = "Project 04UITests";
			productReference = BEE8C3F82C00ECFC00863491 /* Project 04UITests.xctest */;
			productType = "com.apple.product-type.bundle.ui-testing";
		};
/* End PBXNativeTarget section */

/* Begin PBXProject section */
		BEE8C3CF2C00ECFA00863491 /* Project object */ = {
			isa = PBXProject;
			attributes = {
				LastSwiftUpdateCheck = 1240;
				LastUpgradeCheck = 1240;
				TargetAttributes = {
					BEE8C3D62C00ECFA00863491 = {
						CreatedOnToolsVersion = 12.4;
					};
					BEE8C3EC2C00ECFC00863491 = {
						CreatedOnToolsVersion = 12.4;
						TestTargetID = BEE8C3D62C00ECFA00863491;
					};
					BEE8C3F72C00ECFC00863491 = {
						CreatedOnToolsVersion = 12.4;
						TestTargetID = BEE8C3D62C00ECFA00863491;
					};
				};
			};
			buildConfigurationList = BEE8C3D22C00ECFA00863491 /* Build configuration list for PBXProject "Project 04" */;
			compatibilityVersion = "Xcode 9.3";
			developmentRegion = en;
			hasScannedForEncodings = 0;
			knownRegions = (
				en,
				Base,
			);
			mainGroup = BEE8C3CE2C00ECFA00863491;
			productRefGroup = BEE8C3D82C00ECFA00863491 /* Products */;
			projectDirPath = "";
			projectRoot = "";
			targets = (
				BEE8C3D62C00ECFA00863491 /* Project 04 */,
				BEE8C3EC2C00ECFC00863491 /* Project 04Tests */,
				BEE8C3F72C00ECFC00863491 /* Project 04UITests */,
			);
		};
/* End PBXProject section */

/* Begin PBXResourcesBuildPhase section */
		BEE8C3D52C00ECFA00863491 /* Resources */ = {
			isa = PBXResourcesBuildPhase;
			buildActionMask = 2147483647;
			files = (
				BEE8C3E72C00ECFC00863491 /* LaunchScreen.storyboard in Resources */,
				BEE8C3E42C00ECFC00863491 /* Assets.xcassets in Resources */,
				BEE8C3E22C00ECFA00863491 /* Main.storyboard in Resources */,
			);
			runOnlyForDeploymentPostprocessing = 0;
		};
		BEE8C3EB2C00ECFC00863491 /* Resources */ = {
			isa = PBXResourcesBuildPhase;
			buildActionMask = 2147483647;
			files = (
			);
			runOnlyForDeploymentPostprocessing = 0;
		};
		BEE8C3F62C00ECFC00863491 /* Resources */ = {
			isa = PBXResourcesBuildPhase;
			buildActionMask = 2147483647;
			files = (
			);
			runOnlyForDeploymentPostprocessing = 0;
		};
/* End PBXResourcesBuildPhase section */

/* Begin PBXSourcesBuildPhase section */
		BEE8C3D32C00ECFA00863491 /* Sources */ = {
			isa = PBXSourcesBuildPhase;
			buildActionMask = 2147483647;
			files = (
				BEE8C3DF2C00ECFA00863491 /* ViewController.swift in Sources */,
				BEE8C3DB2C00ECFA00863491 /* AppDelegate.swift in Sources */,
				BEE8C3DD2C00ECFA00863491 /* SceneDelegate.swift in Sources */,
			);
			runOnlyForDeploymentPostprocessing = 0;
		};
		BEE8C3E92C00ECFC00863491 /* Sources */ = {
			isa = PBXSourcesBuildPhase;
			buildActionMask = 2147483647;
			files = (
				BEE8C3F22C00ECFC00863491 /* Project_04Tests.swift in Sources */,
			);
			runOnlyForDeploymentPostprocessing = 0;
		};
		BEE8C3F42C00ECFC00863491 /* Sources */ = {
			isa = PBXSourcesBuildPhase;
			buildActionMask = 2147483647;
			files = (
				BEE8C3FD2C00ECFC00863491 /* Project_04UITests.swift in Sources */,
			);
			runOnlyForDeploymentPostprocessing = 0;
		};
/* End PBXSourcesBuildPhase section */

/* Begin PBXTargetDependency section */
		BEE8C3EF2C00ECFC00863491 /* PBXTargetDependency */ = {
			isa = PBXTargetDependency;
			target = BEE8C3D62C00ECFA00863491 /* Project 04 */;
			targetProxy = BEE8C3EE2C00ECFC00863491 /* PBXContainerItemProxy */;
		};
		BEE8C3FA2C00ECFC00863491 /* PBXTargetDependency */ = {
			isa = PBXTargetDependency;
			target = BEE8C3D62C00ECFA00863491 /* Project 04 */;
			targetProxy = BEE8C3F92C00ECFC00863491 /* PBXContainerItemProxy */;
		};
/* End PBXTargetDependency section */

/* Begin PBXVariantGroup section */
		BEE8C3E02C00ECFA00863491 /* Main.storyboard */ = {
			isa = PBXVariantGroup;
			children = (
				BEE8C3E12C00ECFA00863491 /* Base */,
			);
			name = Main.storyboard;
			sourceTree = "<group>";
		};
		BEE8C3E52C00ECFC00863491 /* LaunchScreen.storyboard */ = {
			isa = PBXVariantGroup;
			children = (
				BEE8C3E62C00ECFC00863491 /* Base */,
			);
			name = LaunchScreen.storyboard;
			sourceTree = "<group>";
		};
/* End PBXVariantGroup section */

/* Begin XCBuildConfiguration section */
		BEE8C3FF2C00ECFC00863491 /* Debug */ = {
			isa = XCBuildConfiguration;
			buildSettings = {
				ALWAYS_SEARCH_USER_PATHS = NO;
				CLANG_ANALYZER_NONNULL = YES;
				CLANG_ANALYZER_NUMBER_OBJECT_CONVERSION = YES_AGGRESSIVE;
				CLANG_CXX_LANGUAGE_STANDARD = "gnu++14";
				CLANG_CXX_LIBRARY = "libc++";
				CLANG_ENABLE_MODULES = YES;
				CLANG_ENABLE_OBJC_ARC = YES;
				CLANG_ENABLE_OBJC_WEAK = YES;
				CLANG_WARN_BLOCK_CAPTURE_AUTORELEASING = YES;
				CLANG_WARN_BOOL_CONVERSION = YES;
				CLANG_WARN_COMMA = YES;
				CLANG_WARN_CONSTANT_CONVERSION = YES;
				CLANG_WARN_DEPRECATED_OBJC_IMPLEMENTATIONS = YES;
				CLANG_WARN_DIRECT_OBJC_ISA_USAGE = YES_ERROR;
				CLANG_WARN_DOCUMENTATION_COMMENTS = YES;
				CLANG_WARN_EMPTY_BODY = YES;
				CLANG_WARN_ENUM_CONVERSION = YES;
				CLANG_WARN_INFINITE_RECURSION = YES;
				CLANG_WARN_INT_CONVERSION = YES;
				CLANG_WARN_NON_LITERAL_NULL_CONVERSION = YES;
				CLANG_WARN_OBJC_IMPLICIT_RETAIN_SELF = YES;
				CLANG_WARN_OBJC_LITERAL_CONVERSION = YES;
				CLANG_WARN_OBJC_ROOT_CLASS = YES_ERROR;
				CLANG_WARN_QUOTED_INCLUDE_IN_FRAMEWORK_HEADER = YES;
				CLANG_WARN_RANGE_LOOP_ANALYSIS = YES;
				CLANG_WARN_STRICT_PROTOTYPES = YES;
				CLANG_WARN_SUSPICIOUS_MOVE = YES;
				CLANG_WARN_UNGUARDED_AVAILABILITY = YES_AGGRESSIVE;
				CLANG_WARN_UNREACHABLE_CODE = YES;
				CLANG_WARN__DUPLICATE_METHOD_MATCH = YES;
				COPY_PHASE_STRIP = NO;
				DEBUG_INFORMATION_FORMAT = dwarf;
				ENABLE_STRICT_OBJC_MSGSEND = YES;
				ENABLE_TESTABILITY = YES;
				GCC_C_LANGUAGE_STANDARD = gnu11;
				GCC_DYNAMIC_NO_PIC = NO;
				GCC_NO_COMMON_BLOCKS = YES;
				GCC_OPTIMIZATION_LEVEL = 0;
				GCC_PREPROCESSOR_DEFINITIONS = (
					"DEBUG=1",
					"$(inherited)",
				);
				GCC_WARN_64_TO_32_BIT_CONVERSION = YES;
				GCC_WARN_ABOUT_RETURN_TYPE = YES_ERROR;
				GCC_WARN_UNDECLARED_SELECTOR = YES;
				GCC_WARN_UNINITIALIZED_AUTOS = YES_AGGRESSIVE;
				GCC_WARN_UNUSED_FUNCTION = YES;
				GCC_WARN_UNUSED_VARIABLE = YES;
				IPHONEOS_DEPLOYMENT_TARGET = 14.4;
				MTL_ENABLE_DEBUG_INFO = INCLUDE_SOURCE;
				MTL_FAST_MATH = YES;
				ONLY_ACTIVE_ARCH = YES;
				SDKROOT = iphoneos;
				SWIFT_ACTIVE_COMPILATION_CONDITIONS = DEBUG;
				SWIFT_OPTIMIZATION_LEVEL = "-Onone";
			};
			name = Debug;
		};
		BEE8C4002C00ECFC00863491 /* Release */ = {
			isa = XCBuildConfiguration;
			buildSettings = {
				ALWAYS_SEARCH_USER_PATHS = NO;
				CLANG_ANALYZER_NONNULL = YES;
				CLANG_ANALYZER_NUMBER_OBJECT_CONVERSION = YES_AGGRESSIVE;
				CLANG_CXX_LANGUAGE_STANDARD = "gnu++14";
				CLANG_CXX_LIBRARY = "libc++";
				CLANG_ENABLE_MODULES = YES;
				CLANG_ENABLE_OBJC_ARC = YES;
				CLANG_ENABLE_OBJC_WEAK = YES;
				CLANG_WARN_BLOCK_CAPTURE_AUTORELEASING = YES;
				CLANG_WARN_BOOL_CONVERSION = YES;
				CLANG_WARN_COMMA = YES;
				CLANG_WARN_CONSTANT_CONVERSION = YES;
				CLANG_WARN_DEPRECATED_OBJC_IMPLEMENTATIONS = YES;
				CLANG_WARN_DIRECT_OBJC_ISA_USAGE = YES_ERROR;
				CLANG_WARN_DOCUMENTATION_COMMENTS = YES;
				CLANG_WARN_EMPTY_BODY = YES;
				CLANG_WARN_ENUM_CONVERSION = YES;
				CLANG_WARN_INFINITE_RECURSION = YES;
				CLANG_WARN_INT_CONVERSION = YES;
				CLANG_WARN_NON_LITERAL_NULL_CONVERSION = YES;
				CLANG_WARN_OBJC_IMPLICIT_RETAIN_SELF = YES;
				CLANG_WARN_OBJC_LITERAL_CONVERSION = YES;
				CLANG_WARN_OBJC_ROOT_CLASS = YES_ERROR;
				CLANG_WARN_QUOTED_INCLUDE_IN_FRAMEWORK_HEADER = YES;
				CLANG_WARN_RANGE_LOOP_ANALYSIS = YES;
				CLANG_WARN_STRICT_PROTOTYPES = YES;
				CLANG_WARN_SUSPICIOUS_MOVE = YES;
				CLANG_WARN_UNGUARDED_AVAILABILITY = YES_AGGRESSIVE;
				CLANG_WARN_UNREACHABLE_CODE = YES;
				CLANG_WARN__DUPLICATE_METHOD_MATCH = YES;
				COPY_PHASE_STRIP = NO;
				DEBUG_INFORMATION_FORMAT = "dwarf-with-dsym";
				ENABLE_NS_ASSERTIONS = NO;
				ENABLE_STRICT_OBJC_MSGSEND = YES;
				GCC_C_LANGUAGE_STANDARD = gnu11;
				GCC_NO_COMMON_BLOCKS = YES;
				GCC_WARN_64_TO_32_BIT_CONVERSION = YES;
				GCC_WARN_ABOUT_RETURN_TYPE = YES_ERROR;
				GCC_WARN_UNDECLARED_SELECTOR = YES;
				GCC_WARN_UNINITIALIZED_AUTOS = YES_AGGRESSIVE;
				GCC_WARN_UNUSED_FUNCTION = YES;
				GCC_WARN_UNUSED_VARIABLE = YES;
				IPHONEOS_DEPLOYMENT_TARGET = 14.4;
				MTL_ENABLE_DEBUG_INFO = NO;
				MTL_FAST_MATH = YES;
				SDKROOT = iphoneos;
				SWIFT_COMPILATION_MODE = wholemodule;
				SWIFT_OPTIMIZATION_LEVEL = "-O";
				VALIDATE_PRODUCT = YES;
			};
			name = Release;
		};
		BEE8C4022C00ECFC00863491 /* Debug */ = {
			isa = XCBuildConfiguration;
			buildSettings = {
				ASSETCATALOG_COMPILER_APPICON_NAME = AppIcon;
				ASSETCATALOG_COMPILER_GLOBAL_ACCENT_COLOR_NAME = AccentColor;
				CODE_SIGN_STYLE = Automatic;
				INFOPLIST_FILE = "Project 04/Info.plist";
				LD_RUNPATH_SEARCH_PATHS = (
					"$(inherited)",
					"@executable_path/Frameworks",
				);
				PRODUCT_BUNDLE_IDENTIFIER = "SurajMeghwar.Project-04";
				PRODUCT_NAME = "$(TARGET_NAME)";
				SWIFT_VERSION = 5.0;
				TARGETED_DEVICE_FAMILY = "1,2";
			};
			name = Debug;
		};
		BEE8C4032C00ECFC00863491 /* Release */ = {
			isa = XCBuildConfiguration;
			buildSettings = {
				ASSETCATALOG_COMPILER_APPICON_NAME = AppIcon;
				ASSETCATALOG_COMPILER_GLOBAL_ACCENT_COLOR_NAME = AccentColor;
				CODE_SIGN_STYLE = Automatic;
				INFOPLIST_FILE = "Project 04/Info.plist";
				LD_RUNPATH_SEARCH_PATHS = (
					"$(inherited)",
					"@executable_path/Frameworks",
				);
				PRODUCT_BUNDLE_IDENTIFIER = "SurajMeghwar.Project-04";
				PRODUCT_NAME = "$(TARGET_NAME)";
				SWIFT_VERSION = 5.0;
				TARGETED_DEVICE_FAMILY = "1,2";
			};
			name = Release;
		};
		BEE8C4052C00ECFC00863491 /* Debug */ = {
			isa = XCBuildConfiguration;
			buildSettings = {
				ALWAYS_EMBED_SWIFT_STANDARD_LIBRARIES = YES;
				BUNDLE_LOADER = "$(TEST_HOST)";
				CODE_SIGN_STYLE = Automatic;
				INFOPLIST_FILE = "Project 04Tests/Info.plist";
				IPHONEOS_DEPLOYMENT_TARGET = 14.4;
				LD_RUNPATH_SEARCH_PATHS = (
					"$(inherited)",
					"@executable_path/Frameworks",
					"@loader_path/Frameworks",
				);
				PRODUCT_BUNDLE_IDENTIFIER = "SurajMeghwar.Project-04Tests";
				PRODUCT_NAME = "$(TARGET_NAME)";
				SWIFT_VERSION = 5.0;
				TARGETED_DEVICE_FAMILY = "1,2";
				TEST_HOST = "$(BUILT_PRODUCTS_DIR)/Project 04.app/Project 04";
			};
			name = Debug;
		};
		BEE8C4062C00ECFC00863491 /* Release */ = {
			isa = XCBuildConfiguration;
			buildSettings = {
				ALWAYS_EMBED_SWIFT_STANDARD_LIBRARIES = YES;
				BUNDLE_LOADER = "$(TEST_HOST)";
				CODE_SIGN_STYLE = Automatic;
				INFOPLIST_FILE = "Project 04Tests/Info.plist";
				IPHONEOS_DEPLOYMENT_TARGET = 14.4;
				LD_RUNPATH_SEARCH_PATHS = (
					"$(inherited)",
					"@executable_path/Frameworks",
					"@loader_path/Frameworks",
				);
				PRODUCT_BUNDLE_IDENTIFIER = "SurajMeghwar.Project-04Tests";
				PRODUCT_NAME = "$(TARGET_NAME)";
				SWIFT_VERSION = 5.0;
				TARGETED_DEVICE_FAMILY = "1,2";
				TEST_HOST = "$(BUILT_PRODUCTS_DIR)/Project 04.app/Project 04";
			};
			name = Release;
		};
		BEE8C4082C00ECFC00863491 /* Debug */ = {
			isa = XCBuildConfiguration;
			buildSettings = {
				ALWAYS_EMBED_SWIFT_STANDARD_LIBRARIES = YES;
				CODE_SIGN_STYLE = Automatic;
				INFOPLIST_FILE = "Project 04UITests/Info.plist";
				LD_RUNPATH_SEARCH_PATHS = (
					"$(inherited)",
					"@executable_path/Frameworks",
					"@loader_path/Frameworks",
				);
				PRODUCT_BUNDLE_IDENTIFIER = "SurajMeghwar.Project-04UITests";
				PRODUCT_NAME = "$(TARGET_NAME)";
				SWIFT_VERSION = 5.0;
				TARGETED_DEVICE_FAMILY = "1,2";
				TEST_TARGET_NAME = "Project 04";
			};
			name = Debug;
		};
		BEE8C4092C00ECFC00863491 /* Release */ = {
			isa = XCBuildConfiguration;
			buildSettings = {
				ALWAYS_EMBED_SWIFT_STANDARD_LIBRARIES = YES;
				CODE_SIGN_STYLE = Automatic;
				INFOPLIST_FILE = "Project 04UITests/Info.plist";
				LD_RUNPATH_SEARCH_PATHS = (
					"$(inherited)",
					"@executable_path/Frameworks",
					"@loader_path/Frameworks",
				);
				PRODUCT_BUNDLE_IDENTIFIER = "SurajMeghwar.Project-04UITests";
				PRODUCT_NAME = "$(TARGET_NAME)";
				SWIFT_VERSION = 5.0;
				TARGETED_DEVICE_FAMILY = "1,2";
				TEST_TARGET_NAME = "Project 04";
			};
			name = Release;
		};
/* End XCBuildConfiguration section */

/* Begin XCConfigurationList section */
		BEE8C3D22C00ECFA00863491 /* Build configuration list for PBXProject "Project 04" */ = {
			isa = XCConfigurationList;
			buildConfigurations = (
				BEE8C3FF2C00ECFC00863491 /* Debug */,
				BEE8C4002C00ECFC00863491 /* Release */,
			);
			defaultConfigurationIsVisible = 0;
			defaultConfigurationName = Release;
		};
		BEE8C4012C00ECFC00863491 /* Build configuration list for PBXNativeTarget "Project 04" */ = {
			isa = XCConfigurationList;
			buildConfigurations = (
				BEE8C4022C00ECFC00863491 /* Debug */,
				BEE8C4032C00ECFC00863491 /* Release */,
			);
			defaultConfigurationIsVisible = 0;
			defaultConfigurationName = Release;
		};
		BEE8C4042C00ECFC00863491 /* Build configuration list for PBXNativeTarget "Project 04Tests" */ = {
			isa = XCConfigurationList;
			buildConfigurations = (
				BEE8C4052C00ECFC00863491 /* Debug */,
				BEE8C4062C00ECFC00863491 /* Release */,
			);
			defaultConfigurationIsVisible = 0;
			defaultConfigurationName = Release;
		};
		BEE8C4072C00ECFC00863491 /* Build configuration list for PBXNativeTarget "Project 04UITests" */ = {
			isa = XCConfigurationList;
			buildConfigurations = (
				BEE8C4082C00ECFC00863491 /* Debug */,
				BEE8C4092C00ECFC00863491 /* Release */,
			);
			defaultConfigurationIsVisible = 0;
			defaultConfigurationName = Release;
		};
/* End XCConfigurationList section */
	};
	rootObject = BEE8C3CF2C00ECFA00863491 /* Project object */;
}
